{
  "version": 4,
  "terraform_version": "0.15.1",
  "serial": 1,
  "lineage": "ca876644-7ff0-df2a-8e5d-edce41fe0a5c",
  "outputs": {},
  "resources": [
    {
      "mode": "managed",
      "type": "aws_vpc",
      "name": "project1vpc",
      "provider": "provider[\"registry.terraform.io/hashicorp/aws\"]",
      "instances": [
        {
          "schema_version": 1,
          "attributes": {
            "arn": "arn:aws:ec2:us-east-1:997354855336:vpc/vpc-0714889ee3fd7d80d",
            "assign_generated_ipv6_cidr_block": false,
            "cidr_block": "10.0.0.0/16",
            "default_network_acl_id": "acl-04af3412a8edfe654",
            "default_route_table_id": "rtb-0fda34f05694009a2",
            "default_security_group_id": "sg-04f9dc037a270dc1d",
            "dhcp_options_id": "dopt-2adfed50",
            "enable_classiclink": false,
            "enable_classiclink_dns_support": false,
            "enable_dns_hostnames": false,
            "enable_dns_support": true,
            "id": "vpc-0714889ee3fd7d80d",
            "instance_tenancy": "default",
            "ipv6_association_id": "",
            "ipv6_cidr_block": "",
            "main_route_table_id": "rtb-0fda34f05694009a2",
            "owner_id": "997354855336",
            "tags": {
              "name": "project1vpc"
            },
            "tags_all": {
              "name": "project1vpc"
            }
          },
          "sensitive_attributes": [],
          "private": "eyJzY2hlbWFfdmVyc2lvbiI6IjEifQ=="
        }
      ]
    }
  ]
}
